{
    "_readme": [
        "This file locks the dependencies of your project to a known state",
        "Read more about it at https://getcomposer.org/doc/01-basic-usage.md#composer-lock-the-lock-file",
        "This file is @generated automatically"
    ],
    "hash": "672450bd97ce52447a4c41f47aa832b0",
    "content-hash": "40ffc9ae81e75d48ca7476d6947b13fc",
    "packages": [
        {
            "name": "marcelog/pami",
            "version": "v2.0.0",
            "source": {
                "type": "git",
                "url": "https://github.com/marcelog/PAMI.git",
                "reference": "41bcb7d9a2a168543de17b60c0795f8b8fe3c805"
            },
            "dist": {
                "type": "zip",
                "url": "https://api.github.com/repos/marcelog/PAMI/zipball/41bcb7d9a2a168543de17b60c0795f8b8fe3c805",
                "reference": "41bcb7d9a2a168543de17b60c0795f8b8fe3c805",
                "shasum": ""
            },
            "require": {
                "php": ">=5.3.3",
                "psr/log": ">= 1.0.0"
            },
            "require-dev": {
                "codeclimate/php-test-reporter": "dev-master",
                "evert/phpdoc-md": "~0.1.1",
                "marcelog/pagi": "2.*",
                "monolog/monolog": "1.*",
                "phing/phing": "2.*",
                "phpdocumentor/phpdocumentor": "2.*",
                "phpmd/phpmd": "2.*",
                "phpunit/phpunit": "4.*",
                "satooshi/php-coveralls": "0.*",
                "sebastian/phpcpd": "*",
                "squizlabs/php_codesniffer": "2.*"
            },
            "type": "library",
            "autoload": {
                "psr-4": {
                    "PAMI\\": "src/PAMI"
                }
            },
            "notification-url": "https://packagist.org/downloads/",
            "license": [
                "Apache2"
            ],
            "authors": [
                {
                    "name": "Marcelo Gornstein",
                    "email": "marcelog@gmail.com",
                    "homepage": "http://marcelog.github.com/",
                    "role": "Developer"
                }
            ],
            "description": "Asterisk Manager Interface (AMI) client for PHP, event driven, object oriented",
            "homepage": "http://marcelog.github.com/PAMI",
            "keywords": [
                "action",
                "ami",
                "asterisk",
                "client",
                "event",
                "manager",
                "monitor",
                "telephony",
                "voip"
            ],
            "time": "2016-01-09 17:13:33"
        },
        {
            "name": "psr/log",
            "version": "1.0.0",
            "source": {
                "type": "git",
                "url": "https://github.com/php-fig/log.git",
                "reference": "fe0936ee26643249e916849d48e3a51d5f5e278b"
            },
            "dist": {
                "type": "zip",
                "url": "https://api.github.com/repos/php-fig/log/zipball/fe0936ee26643249e916849d48e3a51d5f5e278b",
                "reference": "fe0936ee26643249e916849d48e3a51d5f5e278b",
                "shasum": ""
            },
            "type": "library",
            "autoload": {
                "psr-0": {
                    "Psr\\Log\\": ""
                }
            },
            "notification-url": "https://packagist.org/downloads/",
            "license": [
                "MIT"
            ],
            "authors": [
                {
                    "name": "PHP-FIG",
                    "homepage": "http://www.php-fig.org/"
                }
            ],
            "description": "Common interface for logging libraries",
            "keywords": [
                "log",
                "psr",
                "psr-3"
            ],
            "time": "2012-12-21 11:40:51"
        },
        {
            "name": "symfony/console",
            "version": "v2.8.11",
            "source": {
                "type": "git",
                "url": "https://github.com/symfony/console.git",
                "reference": "3d3e4fa5f0614c8e45220e5de80332322e33bd90"
            },
            "dist": {
                "type": "zip",
                "url": "https://api.github.com/repos/symfony/console/zipball/3d3e4fa5f0614c8e45220e5de80332322e33bd90",
                "reference": "3d3e4fa5f0614c8e45220e5de80332322e33bd90",
                "shasum": ""
            },
            "require": {
                "php": ">=5.3.9",
                "symfony/polyfill-mbstring": "~1.0"
            },
            "require-dev": {
                "psr/log": "~1.0",
                "symfony/event-dispatcher": "~2.1|~3.0.0",
                "symfony/process": "~2.1|~3.0.0"
            },
            "suggest": {
                "psr/log": "For using the console logger",
                "symfony/event-dispatcher": "",
                "symfony/process": ""
            },
            "type": "library",
            "extra": {
                "branch-alias": {
                    "dev-master": "2.8-dev"
                }
            },
            "autoload": {
                "psr-4": {
                    "Symfony\\Component\\Console\\": ""
                },
                "exclude-from-classmap": [
                    "/Tests/"
                ]
            },
            "notification-url": "https://packagist.org/downloads/",
            "license": [
                "MIT"
            ],
            "authors": [
                {
                    "name": "Fabien Potencier",
                    "email": "fabien@symfony.com"
                },
                {
                    "name": "Symfony Community",
                    "homepage": "https://symfony.com/contributors"
                }
            ],
            "description": "Symfony Console Component",
            "homepage": "https://symfony.com",
            "time": "2016-09-06 10:55:00"
        },
        {
            "name": "symfony/polyfill-mbstring",
            "version": "v1.2.0",
            "source": {
                "type": "git",
                "url": "https://github.com/symfony/polyfill-mbstring.git",
                "reference": "dff51f72b0706335131b00a7f49606168c582594"
            },
            "dist": {
                "type": "zip",
                "url": "https://api.github.com/repos/symfony/polyfill-mbstring/zipball/dff51f72b0706335131b00a7f49606168c582594",
                "reference": "dff51f72b0706335131b00a7f49606168c582594",
                "shasum": ""
            },
            "require": {
                "php": ">=5.3.3"
            },
            "suggest": {
                "ext-mbstring": "For best performance"
            },
            "type": "library",
            "extra": {
                "branch-alias": {
                    "dev-master": "1.2-dev"
                }
            },
            "autoload": {
                "psr-4": {
                    "Symfony\\Polyfill\\Mbstring\\": ""
                },
                "files": [
                    "bootstrap.php"
                ]
            },
            "notification-url": "https://packagist.org/downloads/",
            "license": [
                "MIT"
            ],
            "authors": [
                {
                    "name": "Nicolas Grekas",
                    "email": "p@tchwork.com"
                },
                {
                    "name": "Symfony Community",
                    "homepage": "https://symfony.com/contributors"
                }
            ],
            "description": "Symfony polyfill for the Mbstring extension",
            "homepage": "https://symfony.com",
            "keywords": [
                "compatibility",
                "mbstring",
                "polyfill",
                "portable",
                "shim"
            ],
            "time": "2016-05-18 14:26:46"
        }
    ],
    "packages-dev": [],
    "aliases": [],
    "minimum-stability": "stable",
    "stability-flags": [],
    "prefer-stable": false,
    "prefer-lowest": false,
    "platform": [],
    "platform-dev": []
}
